
Microsoft Visual Studio Solution File, Format Version 12.00
# Visual Studio Version 17
VisualStudioVersion = 17.7.34031.279
MinimumVisualStudioVersion = 10.0.40219.1
Project("{8BC9CEB8-8B4A-11D0-8D11-00A0C91BC942}") = "laboration_3.4", "laboration_3.4.vcxproj", "{26057C19-7A5C-4BA8-A67C-D3E0A1CBE899}"
EndProject
Project("{8BC9CEB8-8B4A-11D0-8D11-00A0C91BC942}") = "UnitTest_3.4", "..\UnitTest_3.4\UnitTest_3.4.vcxproj", "{51B144BC-A2E0-4094-B49D-45013C3D75DE}"
EndProject
Global
	GlobalSection(SolutionConfigurationPlatforms) = preSolution
		Debug|x64 = Debug|x64
		Debug|x86 = Debug|x86
		Release|x64 = Release|x64
		Release|x86 = Release|x86
	EndGlobalSection
	GlobalSection(ProjectConfigurationPlatforms) = postSolution
		{26057C19-7A5C-4BA8-A67C-D3E0A1CBE899}.Debug|x64.ActiveCfg = Debug|x64
		{26057C19-7A5C-4BA8-A67C-D3E0A1CBE899}.Debug|x64.Build.0 = Debug|x64
		{26057C19-7A5C-4BA8-A67C-D3E0A1CBE899}.Debug|x86.ActiveCfg = Debug|Win32
		{26057C19-7A5C-4BA8-A67C-D3E0A1CBE899}.Debug|x86.Build.0 = Debug|Win32
		{26057C19-7A5C-4BA8-A67C-D3E0A1CBE899}.Release|x64.ActiveCfg = Release|x64
		{26057C19-7A5C-4BA8-A67C-D3E0A1CBE899}.Release|x64.Build.0 = Release|x64
		{26057C19-7A5C-4BA8-A67C-D3E0A1CBE899}.Release|x86.ActiveCfg = Release|Win32
		{26057C19-7A5C-4BA8-A67C-D3E0A1CBE899}.Release|x86.Build.0 = Release|Win32
		{51B144BC-A2E0-4094-B49D-45013C3D75DE}.Debug|x64.ActiveCfg = Debug|x64
		{51B144BC-A2E0-4094-B49D-45013C3D75DE}.Debug|x64.Build.0 = Debug|x64
		{51B144BC-A2E0-4094-B49D-45013C3D75DE}.Debug|x86.ActiveCfg = Debug|Win32
		{51B144BC-A2E0-4094-B49D-45013C3D75DE}.Debug|x86.Build.0 = Debug|Win32
		{51B144BC-A2E0-4094-B49D-45013C3D75DE}.Release|x64.ActiveCfg = Release|x64
		{51B144BC-A2E0-4094-B49D-45013C3D75DE}.Release|x64.Build.0 = Release|x64
		{51B144BC-A2E0-4094-B49D-45013C3D75DE}.Release|x86.ActiveCfg = Release|Win32
		{51B144BC-A2E0-4094-B49D-45013C3D75DE}.Release|x86.Build.0 = Release|Win32
	EndGlobalSection
	GlobalSection(SolutionProperties) = preSolution
		HideSolutionNode = FALSE
	EndGlobalSection
	GlobalSection(ExtensibilityGlobals) = postSolution
		SolutionGuid = {B9267D37-6FBC-41C9-8FB5-72166748199D}
	EndGlobalSection
EndGlobal
